// !$*UTF8*$!
{
	archiveVersion = 1;
	classes = {
	};
	objectVersion = 46;
	objects = {

/* Begin PBXBuildFile section */
		C80318FB1CA8FA3600D6D5F8 /* KWDataManager.m in Sources */ = {isa = PBXBuildFile; fileRef = C80318F61CA8FA3600D6D5F8 /* KWDataManager.m */; };
		C80318FC1CA8FA3600D6D5F8 /* KWNetworkManager.m in Sources */ = {isa = PBXBuildFile; fileRef = C80318F81CA8FA3600D6D5F8 /* KWNetworkManager.m */; };
		C80319011CA8FA4400D6D5F8 /* News.m in Sources */ = {isa = PBXBuildFile; fileRef = C80319001CA8FA4400D6D5F8 /* News.m */; };
		C80319351CA8FAC800D6D5F8 /* MKAnnotationView+WebCache.m in Sources */ = {isa = PBXBuildFile; fileRef = C80319151CA8FAC800D6D5F8 /* MKAnnotationView+WebCache.m */; };
		C80319361CA8FAC800D6D5F8 /* NSData+ImageContentType.m in Sources */ = {isa = PBXBuildFile; fileRef = C80319171CA8FAC800D6D5F8 /* NSData+ImageContentType.m */; };
		C80319371CA8FAC800D6D5F8 /* SDImageCache.m in Sources */ = {isa = PBXBuildFile; fileRef = C80319191CA8FAC800D6D5F8 /* SDImageCache.m */; };
		C80319381CA8FAC800D6D5F8 /* SDWebImageCompat.m in Sources */ = {isa = PBXBuildFile; fileRef = C803191B1CA8FAC800D6D5F8 /* SDWebImageCompat.m */; };
		C80319391CA8FAC800D6D5F8 /* SDWebImageDecoder.m in Sources */ = {isa = PBXBuildFile; fileRef = C803191D1CA8FAC800D6D5F8 /* SDWebImageDecoder.m */; };
		C803193A1CA8FAC800D6D5F8 /* SDWebImageDownloader.m in Sources */ = {isa = PBXBuildFile; fileRef = C803191F1CA8FAC800D6D5F8 /* SDWebImageDownloader.m */; };
		C803193B1CA8FAC800D6D5F8 /* SDWebImageDownloaderOperation.m in Sources */ = {isa = PBXBuildFile; fileRef = C80319211CA8FAC800D6D5F8 /* SDWebImageDownloaderOperation.m */; };
		C803193C1CA8FAC800D6D5F8 /* SDWebImageManager.m in Sources */ = {isa = PBXBuildFile; fileRef = C80319231CA8FAC800D6D5F8 /* SDWebImageManager.m */; };
		C803193D1CA8FAC800D6D5F8 /* SDWebImagePrefetcher.m in Sources */ = {isa = PBXBuildFile; fileRef = C80319261CA8FAC800D6D5F8 /* SDWebImagePrefetcher.m */; };
		C803193E1CA8FAC800D6D5F8 /* UIButton+WebCache.m in Sources */ = {isa = PBXBuildFile; fileRef = C80319281CA8FAC800D6D5F8 /* UIButton+WebCache.m */; };
		C803193F1CA8FAC800D6D5F8 /* UIImage+GIF.m in Sources */ = {isa = PBXBuildFile; fileRef = C803192A1CA8FAC800D6D5F8 /* UIImage+GIF.m */; };
		C80319401CA8FAC800D6D5F8 /* UIImage+MultiFormat.m in Sources */ = {isa = PBXBuildFile; fileRef = C803192C1CA8FAC800D6D5F8 /* UIImage+MultiFormat.m */; };
		C80319411CA8FAC800D6D5F8 /* UIImage+WebP.m in Sources */ = {isa = PBXBuildFile; fileRef = C803192E1CA8FAC800D6D5F8 /* UIImage+WebP.m */; };
		C80319421CA8FAC800D6D5F8 /* UIImageView+HighlightedWebCache.m in Sources */ = {isa = PBXBuildFile; fileRef = C80319301CA8FAC800D6D5F8 /* UIImageView+HighlightedWebCache.m */; };
		C80319431CA8FAC800D6D5F8 /* UIImageView+WebCache.m in Sources */ = {isa = PBXBuildFile; fileRef = C80319321CA8FAC800D6D5F8 /* UIImageView+WebCache.m */; };
		C80319441CA8FAC800D6D5F8 /* UIView+WebCacheOperation.m in Sources */ = {isa = PBXBuildFile; fileRef = C80319341CA8FAC800D6D5F8 /* UIView+WebCacheOperation.m */; };
		C803194F1CA90FBA00D6D5F8 /* UIView+Extension.m in Sources */ = {isa = PBXBuildFile; fileRef = C803194E1CA90FBA00D6D5F8 /* UIView+Extension.m */; };
		C83469201C9984E300084642 /* AppDelegate.m in Sources */ = {isa = PBXBuildFile; fileRef = C834691F1C9984E300084642 /* AppDelegate.m */; };
		C83469361C9984E300084642 /* NEWSTests.m in Sources */ = {isa = PBXBuildFile; fileRef = C83469351C9984E300084642 /* NEWSTests.m */; };
		C83469411C9984E300084642 /* NEWSUITests.m in Sources */ = {isa = PBXBuildFile; fileRef = C83469401C9984E300084642 /* NEWSUITests.m */; };
		C8541DA11CA9405B0071D171 /* KWDiscoveryTableViewController.m in Sources */ = {isa = PBXBuildFile; fileRef = C8541D961CA9405B0071D171 /* KWDiscoveryTableViewController.m */; };
		C8541DA21CA9405B0071D171 /* KWITTableViewController.m in Sources */ = {isa = PBXBuildFile; fileRef = C8541D981CA9405B0071D171 /* KWITTableViewController.m */; };
		C8541DA31CA9405B0071D171 /* KWMeTableViewController.m in Sources */ = {isa = PBXBuildFile; fileRef = C8541D9A1CA9405B0071D171 /* KWMeTableViewController.m */; };
		C8541DA41CA9405B0071D171 /* KWTabBarViewController.m in Sources */ = {isa = PBXBuildFile; fileRef = C8541D9C1CA9405B0071D171 /* KWTabBarViewController.m */; };
		C8541DA51CA9405B0071D171 /* NEWSViewController.m in Sources */ = {isa = PBXBuildFile; fileRef = C8541D9E1CA9405B0071D171 /* NEWSViewController.m */; };
		C8541DA61CA9405B0071D171 /* WebNewsViewController.m in Sources */ = {isa = PBXBuildFile; fileRef = C8541DA01CA9405B0071D171 /* WebNewsViewController.m */; };
		C8541DAC1CA9407B0071D171 /* Assets.xcassets in Resources */ = {isa = PBXBuildFile; fileRef = C8541DA81CA9407B0071D171 /* Assets.xcassets */; };
		C8541DAD1CA9407B0071D171 /* Info.plist in Resources */ = {isa = PBXBuildFile; fileRef = C8541DA91CA9407B0071D171 /* Info.plist */; };
		C8541DAE1CA9407B0071D171 /* main.m in Sources */ = {isa = PBXBuildFile; fileRef = C8541DAA1CA9407B0071D171 /* main.m */; };
		C8541DB21CA9409E0071D171 /* Main.storyboard in Resources */ = {isa = PBXBuildFile; fileRef = C8541DB01CA9409E0071D171 /* Main.storyboard */; };
/* End PBXBuildFile section */

/* Begin PBXContainerItemProxy section */
		C83469321C9984E300084642 /* PBXContainerItemProxy */ = {
			isa = PBXContainerItemProxy;
			containerPortal = C83469101C9984E300084642 /* Project object */;
			proxyType = 1;
			remoteGlobalIDString = C83469171C9984E300084642;
			remoteInfo = NEWS;
		};
		C834693D1C9984E300084642 /* PBXContainerItemProxy */ = {
			isa = PBXContainerItemProxy;
			containerPortal = C83469101C9984E300084642 /* Project object */;
			proxyType = 1;
			remoteGlobalIDString = C83469171C9984E300084642;
			remoteInfo = NEWS;
		};
/* End PBXContainerItemProxy section */

/* Begin PBXFileReference section */
		C80318F51CA8FA3600D6D5F8 /* KWDataManager.h */ = {isa = PBXFileReference; fileEncoding = 4; lastKnownFileType = sourcecode.c.h; path = KWDataManager.h; sourceTree = "<group>"; };
		C80318F61CA8FA3600D6D5F8 /* KWDataManager.m */ = {isa = PBXFileReference; fileEncoding = 4; lastKnownFileType = sourcecode.c.objc; path = KWDataManager.m; sourceTree = "<group>"; };
		C80318F71CA8FA3600D6D5F8 /* KWNetworkManager.h */ = {isa = PBXFileReference; fileEncoding = 4; lastKnownFileType = sourcecode.c.h; path = KWNetworkManager.h; sourceTree = "<group>"; };
		C80318F81CA8FA3600D6D5F8 /* KWNetworkManager.m */ = {isa = PBXFileReference; fileEncoding = 4; lastKnownFileType = sourcecode.c.objc; path = KWNetworkManager.m; sourceTree = "<group>"; };
		C80318FF1CA8FA4400D6D5F8 /* News.h */ = {isa = PBXFileReference; fileEncoding = 4; lastKnownFileType = sourcecode.c.h; path = News.h; sourceTree = "<group>"; };
		C80319001CA8FA4400D6D5F8 /* News.m */ = {isa = PBXFileReference; fileEncoding = 4; lastKnownFileType = sourcecode.c.objc; path = News.m; sourceTree = "<group>"; };
		C80319141CA8FAC800D6D5F8 /* MKAnnotationView+WebCache.h */ = {isa = PBXFileReference; fileEncoding = 4; lastKnownFileType = sourcecode.c.h; path = "MKAnnotationView+WebCache.h"; sourceTree = "<group>"; };
		C80319151CA8FAC800D6D5F8 /* MKAnnotationView+WebCache.m */ = {isa = PBXFileReference; fileEncoding = 4; lastKnownFileType = sourcecode.c.objc; path = "MKAnnotationView+WebCache.m"; sourceTree = "<group>"; };
		C80319161CA8FAC800D6D5F8 /* NSData+ImageContentType.h */ = {isa = PBXFileReference; fileEncoding = 4; lastKnownFileType = sourcecode.c.h; path = "NSData+ImageContentType.h"; sourceTree = "<group>"; };
		C80319171CA8FAC800D6D5F8 /* NSData+ImageContentType.m */ = {isa = PBXFileReference; fileEncoding = 4; lastKnownFileType = sourcecode.c.objc; path = "NSData+ImageContentType.m"; sourceTree = "<group>"; };
		C80319181CA8FAC800D6D5F8 /* SDImageCache.h */ = {isa = PBXFileReference; fileEncoding = 4; lastKnownFileType = sourcecode.c.h; path = SDImageCache.h; sourceTree = "<group>"; };
		C80319191CA8FAC800D6D5F8 /* SDImageCache.m */ = {isa = PBXFileReference; fileEncoding = 4; lastKnownFileType = sourcecode.c.objc; path = SDImageCache.m; sourceTree = "<group>"; };
		C803191A1CA8FAC800D6D5F8 /* SDWebImageCompat.h */ = {isa = PBXFileReference; fileEncoding = 4; lastKnownFileType = sourcecode.c.h; path = SDWebImageCompat.h; sourceTree = "<group>"; };
		C803191B1CA8FAC800D6D5F8 /* SDWebImageCompat.m */ = {isa = PBXFileReference; fileEncoding = 4; lastKnownFileType = sourcecode.c.objc; path = SDWebImageCompat.m; sourceTree = "<group>"; };
		C803191C1CA8FAC800D6D5F8 /* SDWebImageDecoder.h */ = {isa = PBXFileReference; fileEncoding = 4; lastKnownFileType = sourcecode.c.h; path = SDWebImageDecoder.h; sourceTree = "<group>"; };
		C803191D1CA8FAC800D6D5F8 /* SDWebImageDecoder.m */ = {isa = PBXFileReference; fileEncoding = 4; lastKnownFileType = sourcecode.c.objc; path = SDWebImageDecoder.m; sourceTree = "<group>"; };
		C803191E1CA8FAC800D6D5F8 /* SDWebImageDownloader.h */ = {isa = PBXFileReference; fileEncoding = 4; lastKnownFileType = sourcecode.c.h; path = SDWebImageDownloader.h; sourceTree = "<group>"; };
		C803191F1CA8FAC800D6D5F8 /* SDWebImageDownloader.m */ = {isa = PBXFileReference; fileEncoding = 4; lastKnownFileType = sourcecode.c.objc; path = SDWebImageDownloader.m; sourceTree = "<group>"; };
		C80319201CA8FAC800D6D5F8 /* SDWebImageDownloaderOperation.h */ = {isa = PBXFileReference; fileEncoding = 4; lastKnownFileType = sourcecode.c.h; path = SDWebImageDownloaderOperation.h; sourceTree = "<group>"; };
		C80319211CA8FAC800D6D5F8 /* SDWebImageDownloaderOperation.m */ = {isa = PBXFileReference; fileEncoding = 4; lastKnownFileType = sourcecode.c.objc; path = SDWebImageDownloaderOperation.m; sourceTree = "<group>"; };
		C80319221CA8FAC800D6D5F8 /* SDWebImageManager.h */ = {isa = PBXFileReference; fileEncoding = 4; lastKnownFileType = sourcecode.c.h; path = SDWebImageManager.h; sourceTree = "<group>"; };
		C80319231CA8FAC800D6D5F8 /* SDWebImageManager.m */ = {isa = PBXFileReference; fileEncoding = 4; lastKnownFileType = sourcecode.c.objc; path = SDWebImageManager.m; sourceTree = "<group>"; };
		C80319241CA8FAC800D6D5F8 /* SDWebImageOperation.h */ = {isa = PBXFileReference; fileEncoding = 4; lastKnownFileType = sourcecode.c.h; path = SDWebImageOperation.h; sourceTree = "<group>"; };
		C80319251CA8FAC800D6D5F8 /* SDWebImagePrefetcher.h */ = {isa = PBXFileReference; fileEncoding = 4; lastKnownFileType = sourcecode.c.h; path = SDWebImagePrefetcher.h; sourceTree = "<group>"; };
		C80319261CA8FAC800D6D5F8 /* SDWebImagePrefetcher.m */ = {isa = PBXFileReference; fileEncoding = 4; lastKnownFileType = sourcecode.c.objc; path = SDWebImagePrefetcher.m; sourceTree = "<group>"; };
		C80319271CA8FAC800D6D5F8 /* UIButton+WebCache.h */ = {isa = PBXFileReference; fileEncoding = 4; lastKnownFileType = sourcecode.c.h; path = "UIButton+WebCache.h"; sourceTree = "<group>"; };
		C80319281CA8FAC800D6D5F8 /* UIButton+WebCache.m */ = {isa = PBXFileReference; fileEncoding = 4; lastKnownFileType = sourcecode.c.objc; path = "UIButton+WebCache.m"; sourceTree = "<group>"; };
		C80319291CA8FAC800D6D5F8 /* UIImage+GIF.h */ = {isa = PBXFileReference; fileEncoding = 4; lastKnownFileType = sourcecode.c.h; path = "UIImage+GIF.h"; sourceTree = "<group>"; };
		C803192A1CA8FAC800D6D5F8 /* UIImage+GIF.m */ = {isa = PBXFileReference; fileEncoding = 4; lastKnownFileType = sourcecode.c.objc; path = "UIImage+GIF.m"; sourceTree = "<group>"; };
		C803192B1CA8FAC800D6D5F8 /* UIImage+MultiFormat.h */ = {isa = PBXFileReference; fileEncoding = 4; lastKnownFileType = sourcecode.c.h; path = "UIImage+MultiFormat.h"; sourceTree = "<group>"; };
		C803192C1CA8FAC800D6D5F8 /* UIImage+MultiFormat.m */ = {isa = PBXFileReference; fileEncoding = 4; lastKnownFileType = sourcecode.c.objc; path = "UIImage+MultiFormat.m"; sourceTree = "<group>"; };
		C803192D1CA8FAC800D6D5F8 /* UIImage+WebP.h */ = {isa = PBXFileReference; fileEncoding = 4; lastKnownFileType = sourcecode.c.h; path = "UIImage+WebP.h"; sourceTree = "<group>"; };
		C803192E1CA8FAC800D6D5F8 /* UIImage+WebP.m */ = {isa = PBXFileReference; fileEncoding = 4; lastKnownFileType = sourcecode.c.objc; path = "UIImage+WebP.m"; sourceTree = "<group>"; };
		C803192F1CA8FAC800D6D5F8 /* UIImageView+HighlightedWebCache.h */ = {isa = PBXFileReference; fileEncoding = 4; lastKnownFileType = sourcecode.c.h; path = "UIImageView+HighlightedWebCache.h"; sourceTree = "<group>"; };
		C80319301CA8FAC800D6D5F8 /* UIImageView+HighlightedWebCache.m */ = {isa = PBXFileReference; fileEncoding = 4; lastKnownFileType = sourcecode.c.objc; path = "UIImageView+HighlightedWebCache.m"; sourceTree = "<group>"; };
		C80319311CA8FAC800D6D5F8 /* UIImageView+WebCache.h */ = {isa = PBXFileReference; fileEncoding = 4; lastKnownFileType = sourcecode.c.h; path = "UIImageView+WebCache.h"; sourceTree = "<group>"; };
		C80319321CA8FAC800D6D5F8 /* UIImageView+WebCache.m */ = {isa = PBXFileReference; fileEncoding = 4; lastKnownFileType = sourcecode.c.objc; path = "UIImageView+WebCache.m"; sourceTree = "<group>"; };
		C80319331CA8FAC800D6D5F8 /* UIView+WebCacheOperation.h */ = {isa = PBXFileReference; fileEncoding = 4; lastKnownFileType = sourcecode.c.h; path = "UIView+WebCacheOperation.h"; sourceTree = "<group>"; };
		C80319341CA8FAC800D6D5F8 /* UIView+WebCacheOperation.m */ = {isa = PBXFileReference; fileEncoding = 4; lastKnownFileType = sourcecode.c.objc; path = "UIView+WebCacheOperation.m"; sourceTree = "<group>"; };
		C803194D1CA90FBA00D6D5F8 /* UIView+Extension.h */ = {isa = PBXFileReference; fileEncoding = 4; lastKnownFileType = sourcecode.c.h; path = "UIView+Extension.h"; sourceTree = "<group>"; };
		C803194E1CA90FBA00D6D5F8 /* UIView+Extension.m */ = {isa = PBXFileReference; fileEncoding = 4; lastKnownFileType = sourcecode.c.objc; path = "UIView+Extension.m"; sourceTree = "<group>"; };
		C83469181C9984E300084642 /* NEWS.app */ = {isa = PBXFileReference; explicitFileType = wrapper.application; includeInIndex = 0; path = NEWS.app; sourceTree = BUILT_PRODUCTS_DIR; };
		C834691E1C9984E300084642 /* AppDelegate.h */ = {isa = PBXFileReference; lastKnownFileType = sourcecode.c.h; path = AppDelegate.h; sourceTree = "<group>"; };
		C834691F1C9984E300084642 /* AppDelegate.m */ = {isa = PBXFileReference; lastKnownFileType = sourcecode.c.objc; path = AppDelegate.m; sourceTree = "<group>"; };
		C83469311C9984E300084642 /* NEWSTests.xctest */ = {isa = PBXFileReference; explicitFileType = wrapper.cfbundle; includeInIndex = 0; path = NEWSTests.xctest; sourceTree = BUILT_PRODUCTS_DIR; };
		C83469351C9984E300084642 /* NEWSTests.m */ = {isa = PBXFileReference; lastKnownFileType = sourcecode.c.objc; path = NEWSTests.m; sourceTree = "<group>"; };
		C83469371C9984E300084642 /* Info.plist */ = {isa = PBXFileReference; lastKnownFileType = text.plist.xml; path = Info.plist; sourceTree = "<group>"; };
		C834693C1C9984E300084642 /* NEWSUITests.xctest */ = {isa = PBXFileReference; explicitFileType = wrapper.cfbundle; includeInIndex = 0; path = NEWSUITests.xctest; sourceTree = BUILT_PRODUCTS_DIR; };
		C83469401C9984E300084642 /* NEWSUITests.m */ = {isa = PBXFileReference; lastKnownFileType = sourcecode.c.objc; path = NEWSUITests.m; sourceTree = "<group>"; };
		C83469421C9984E300084642 /* Info.plist */ = {isa = PBXFileReference; lastKnownFileType = text.plist.xml; path = Info.plist; sourceTree = "<group>"; };
		C8541D951CA9405B0071D171 /* KWDiscoveryTableViewController.h */ = {isa = PBXFileReference; fileEncoding = 4; lastKnownFileType = sourcecode.c.h; path = KWDiscoveryTableViewController.h; sourceTree = "<group>"; };
		C8541D961CA9405B0071D171 /* KWDiscoveryTableViewController.m */ = {isa = PBXFileReference; fileEncoding = 4; lastKnownFileType = sourcecode.c.objc; path = KWDiscoveryTableViewController.m; sourceTree = "<group>"; };
		C8541D971CA9405B0071D171 /* KWITTableViewController.h */ = {isa = PBXFileReference; fileEncoding = 4; lastKnownFileType = sourcecode.c.h; path = KWITTableViewController.h; sourceTree = "<group>"; };
		C8541D981CA9405B0071D171 /* KWITTableViewController.m */ = {isa = PBXFileReference; fileEncoding = 4; lastKnownFileType = sourcecode.c.objc; path = KWITTableViewController.m; sourceTree = "<group>"; };
		C8541D991CA9405B0071D171 /* KWMeTableViewController.h */ = {isa = PBXFileReference; fileEncoding = 4; lastKnownFileType = sourcecode.c.h; path = KWMeTableViewController.h; sourceTree = "<group>"; };
		C8541D9A1CA9405B0071D171 /* KWMeTableViewController.m */ = {isa = PBXFileReference; fileEncoding = 4; lastKnownFileType = sourcecode.c.objc; path = KWMeTableViewController.m; sourceTree = "<group>"; };
		C8541D9B1CA9405B0071D171 /* KWTabBarViewController.h */ = {isa = PBXFileReference; fileEncoding = 4; lastKnownFileType = sourcecode.c.h; path = KWTabBarViewController.h; sourceTree = "<group>"; };
		C8541D9C1CA9405B0071D171 /* KWTabBarViewController.m */ = {isa = PBXFileReference; fileEncoding = 4; lastKnownFileType = sourcecode.c.objc; path = KWTabBarViewController.m; sourceTree = "<group>"; };
		C8541D9D1CA9405B0071D171 /* NEWSViewController.h */ = {isa = PBXFileReference; fileEncoding = 4; lastKnownFileType = sourcecode.c.h; path = NEWSViewController.h; sourceTree = "<group>"; };
		C8541D9E1CA9405B0071D171 /* NEWSViewController.m */ = {isa = PBXFileReference; fileEncoding = 4; lastKnownFileType = sourcecode.c.objc; path = NEWSViewController.m; sourceTree = "<group>"; };
		C8541D9F1CA9405B0071D171 /* WebNewsViewController.h */ = {isa = PBXFileReference; fileEncoding = 4; lastKnownFileType = sourcecode.c.h; path = WebNewsViewController.h; sourceTree = "<group>"; };
		C8541DA01CA9405B0071D171 /* WebNewsViewController.m */ = {isa = PBXFileReference; fileEncoding = 4; lastKnownFileType = sourcecode.c.objc; path = WebNewsViewController.m; sourceTree = "<group>"; };
		C8541DA81CA9407B0071D171 /* Assets.xcassets */ = {isa = PBXFileReference; lastKnownFileType = folder.assetcatalog; path = Assets.xcassets; sourceTree = "<group>"; };
		C8541DA91CA9407B0071D171 /* Info.plist */ = {isa = PBXFileReference; fileEncoding = 4; lastKnownFileType = text.plist.xml; path = Info.plist; sourceTree = "<group>"; };
		C8541DAA1CA9407B0071D171 /* main.m */ = {isa = PBXFileReference; fileEncoding = 4; lastKnownFileType = sourcecode.c.objc; path = main.m; sourceTree = "<group>"; };
		C8541DAB1CA9407B0071D171 /* PrefixHeader.pch */ = {isa = PBXFileReference; fileEncoding = 4; lastKnownFileType = sourcecode.c.h; path = PrefixHeader.pch; sourceTree = "<group>"; };
		C8541DB11CA9409E0071D171 /* Base */ = {isa = PBXFileReference; lastKnownFileType = file.storyboard; name = Base; path = Base.lproj/Main.storyboard; sourceTree = "<group>"; };
		C8541DB41CA940EC0071D171 /* Constants.h */ = {isa = PBXFileReference; fileEncoding = 4; lastKnownFileType = sourcecode.c.h; path = Constants.h; sourceTree = "<group>"; };
/* End PBXFileReference section */

/* Begin PBXFrameworksBuildPhase section */
		C83469151C9984E300084642 /* Frameworks */ = {
			isa = PBXFrameworksBuildPhase;
			buildActionMask = 2147483647;
			files = (
			);
			runOnlyForDeploymentPostprocessing = 0;
		};
		C834692E1C9984E300084642 /* Frameworks */ = {
			isa = PBXFrameworksBuildPhase;
			buildActionMask = 2147483647;
			files = (
			);
			runOnlyForDeploymentPostprocessing = 0;
		};
		C83469391C9984E300084642 /* Frameworks */ = {
			isa = PBXFrameworksBuildPhase;
			buildActionMask = 2147483647;
			files = (
			);
			runOnlyForDeploymentPostprocessing = 0;
		};
/* End PBXFrameworksBuildPhase section */

/* Begin PBXGroup section */
		C80318F41CA8FA3600D6D5F8 /* Tools */ = {
			isa = PBXGroup;
			children = (
				C80318F51CA8FA3600D6D5F8 /* KWDataManager.h */,
				C80318F61CA8FA3600D6D5F8 /* KWDataManager.m */,
				C80318F71CA8FA3600D6D5F8 /* KWNetworkManager.h */,
				C80318F81CA8FA3600D6D5F8 /* KWNetworkManager.m */,
			);
			path = Tools;
			sourceTree = "<group>";
		};
		C80318FE1CA8FA4400D6D5F8 /* Model */ = {
			isa = PBXGroup;
			children = (
				C80318FF1CA8FA4400D6D5F8 /* News.h */,
				C80319001CA8FA4400D6D5F8 /* News.m */,
			);
			path = Model;
			sourceTree = "<group>";
		};
		C80319121CA8FAC800D6D5F8 /* Other */ = {
			isa = PBXGroup;
			children = (
				C80319131CA8FAC800D6D5F8 /* SDWebImage */,
			);
			path = Other;
			sourceTree = "<group>";
		};
		C80319131CA8FAC800D6D5F8 /* SDWebImage */ = {
			isa = PBXGroup;
			children = (
				C80319141CA8FAC800D6D5F8 /* MKAnnotationView+WebCache.h */,
				C80319151CA8FAC800D6D5F8 /* MKAnnotationView+WebCache.m */,
				C80319161CA8FAC800D6D5F8 /* NSData+ImageContentType.h */,
				C80319171CA8FAC800D6D5F8 /* NSData+ImageContentType.m */,
				C80319181CA8FAC800D6D5F8 /* SDImageCache.h */,
				C80319191CA8FAC800D6D5F8 /* SDImageCache.m */,
				C803191A1CA8FAC800D6D5F8 /* SDWebImageCompat.h */,
				C803191B1CA8FAC800D6D5F8 /* SDWebImageCompat.m */,
				C803191C1CA8FAC800D6D5F8 /* SDWebImageDecoder.h */,
				C803191D1CA8FAC800D6D5F8 /* SDWebImageDecoder.m */,
				C803191E1CA8FAC800D6D5F8 /* SDWebImageDownloader.h */,
				C803191F1CA8FAC800D6D5F8 /* SDWebImageDownloader.m */,
				C80319201CA8FAC800D6D5F8 /* SDWebImageDownloaderOperation.h */,
				C80319211CA8FAC800D6D5F8 /* SDWebImageDownloaderOperation.m */,
				C80319221CA8FAC800D6D5F8 /* SDWebImageManager.h */,
				C80319231CA8FAC800D6D5F8 /* SDWebImageManager.m */,
				C80319241CA8FAC800D6D5F8 /* SDWebImageOperation.h */,
				C80319251CA8FAC800D6D5F8 /* SDWebImagePrefetcher.h */,
				C80319261CA8FAC800D6D5F8 /* SDWebImagePrefetcher.m */,
				C80319271CA8FAC800D6D5F8 /* UIButton+WebCache.h */,
				C80319281CA8FAC800D6D5F8 /* UIButton+WebCache.m */,
				C80319291CA8FAC800D6D5F8 /* UIImage+GIF.h */,
				C803192A1CA8FAC800D6D5F8 /* UIImage+GIF.m */,
				C803192B1CA8FAC800D6D5F8 /* UIImage+MultiFormat.h */,
				C803192C1CA8FAC800D6D5F8 /* UIImage+MultiFormat.m */,
				C803192D1CA8FAC800D6D5F8 /* UIImage+WebP.h */,
				C803192E1CA8FAC800D6D5F8 /* UIImage+WebP.m */,
				C803192F1CA8FAC800D6D5F8 /* UIImageView+HighlightedWebCache.h */,
				C80319301CA8FAC800D6D5F8 /* UIImageView+HighlightedWebCache.m */,
				C80319311CA8FAC800D6D5F8 /* UIImageView+WebCache.h */,
				C80319321CA8FAC800D6D5F8 /* UIImageView+WebCache.m */,
				C80319331CA8FAC800D6D5F8 /* UIView+WebCacheOperation.h */,
				C80319341CA8FAC800D6D5F8 /* UIView+WebCacheOperation.m */,
			);
			path = SDWebImage;
			sourceTree = "<group>";
		};
		C803194C1CA90FBA00D6D5F8 /* Category */ = {
			isa = PBXGroup;
			children = (
				C803194D1CA90FBA00D6D5F8 /* UIView+Extension.h */,
				C803194E1CA90FBA00D6D5F8 /* UIView+Extension.m */,
			);
			path = Category;
			sourceTree = "<group>";
		};
		C834690F1C9984E300084642 = {
			isa = PBXGroup;
			children = (
				C834691A1C9984E300084642 /* NEWS */,
				C8541DAF1CA9409E0071D171 /* Resource */,
				C8541DA71CA9407B0071D171 /* Supporting Files */,
				C83469341C9984E300084642 /* NEWSTests */,
				C834693F1C9984E300084642 /* NEWSUITests */,
				C83469191C9984E300084642 /* Products */,
			);
			sourceTree = "<group>";
		};
		C83469191C9984E300084642 /* Products */ = {
			isa = PBXGroup;
			children = (
				C83469181C9984E300084642 /* NEWS.app */,
				C83469311C9984E300084642 /* NEWSTests.xctest */,
				C834693C1C9984E300084642 /* NEWSUITests.xctest */,
			);
			name = Products;
			sourceTree = "<group>";
		};
		C834691A1C9984E300084642 /* NEWS */ = {
			isa = PBXGroup;
			children = (
				C834691E1C9984E300084642 /* AppDelegate.h */,
				C834691F1C9984E300084642 /* AppDelegate.m */,
				C8541DB31CA940EC0071D171 /* Define */,
				C80318F41CA8FA3600D6D5F8 /* Tools */,
				C803194C1CA90FBA00D6D5F8 /* Category */,
				C80318FE1CA8FA4400D6D5F8 /* Model */,
				C8541D931CA9404E0071D171 /* View */,
				C8541D941CA9405B0071D171 /* ViewController */,
				C80319121CA8FAC800D6D5F8 /* Other */,
			);
			path = NEWS;
			sourceTree = "<group>";
		};
		C83469341C9984E300084642 /* NEWSTests */ = {
			isa = PBXGroup;
			children = (
				C83469351C9984E300084642 /* NEWSTests.m */,
				C83469371C9984E300084642 /* Info.plist */,
			);
			path = NEWSTests;
			sourceTree = "<group>";
		};
		C834693F1C9984E300084642 /* NEWSUITests */ = {
			isa = PBXGroup;
			children = (
				C83469401C9984E300084642 /* NEWSUITests.m */,
				C83469421C9984E300084642 /* Info.plist */,
			);
			path = NEWSUITests;
			sourceTree = "<group>";
		};
		C8541D931CA9404E0071D171 /* View */ = {
			isa = PBXGroup;
			children = (
			);
			path = View;
			sourceTree = "<group>";
		};
		C8541D941CA9405B0071D171 /* ViewController */ = {
			isa = PBXGroup;
			children = (
				C8541D9B1CA9405B0071D171 /* KWTabBarViewController.h */,
				C8541D9C1CA9405B0071D171 /* KWTabBarViewController.m */,
				C8541D9D1CA9405B0071D171 /* NEWSViewController.h */,
				C8541D9E1CA9405B0071D171 /* NEWSViewController.m */,
				C8541D971CA9405B0071D171 /* KWITTableViewController.h */,
				C8541D981CA9405B0071D171 /* KWITTableViewController.m */,
				C8541D951CA9405B0071D171 /* KWDiscoveryTableViewController.h */,
				C8541D961CA9405B0071D171 /* KWDiscoveryTableViewController.m */,
				C8541D991CA9405B0071D171 /* KWMeTableViewController.h */,
				C8541D9A1CA9405B0071D171 /* KWMeTableViewController.m */,
				C8541D9F1CA9405B0071D171 /* WebNewsViewController.h */,
				C8541DA01CA9405B0071D171 /* WebNewsViewController.m */,
			);
			path = ViewController;
			sourceTree = "<group>";
		};
		C8541DA71CA9407B0071D171 /* Supporting Files */ = {
			isa = PBXGroup;
			children = (
				C8541DA81CA9407B0071D171 /* Assets.xcassets */,
				C8541DA91CA9407B0071D171 /* Info.plist */,
				C8541DAA1CA9407B0071D171 /* main.m */,
				C8541DAB1CA9407B0071D171 /* PrefixHeader.pch */,
			);
			name = "Supporting Files";
			path = "NEWS/Supporting Files";
			sourceTree = "<group>";
		};
		C8541DAF1CA9409E0071D171 /* Resource */ = {
			isa = PBXGroup;
			children = (
				C8541DB01CA9409E0071D171 /* Main.storyboard */,
			);
			name = Resource;
			path = NEWS/Resource;
			sourceTree = "<group>";
		};
		C8541DB31CA940EC0071D171 /* Define */ = {
			isa = PBXGroup;
			children = (
				C8541DB41CA940EC0071D171 /* Constants.h */,
			);
			path = Define;
			sourceTree = "<group>";
		};
/* End PBXGroup section */

/* Begin PBXNativeTarget section */
		C83469171C9984E300084642 /* NEWS */ = {
			isa = PBXNativeTarget;
			buildConfigurationList = C83469451C9984E300084642 /* Build configuration list for PBXNativeTarget "NEWS" */;
			buildPhases = (
				C83469141C9984E300084642 /* Sources */,
				C83469151C9984E300084642 /* Frameworks */,
				C83469161C9984E300084642 /* Resources */,
			);
			buildRules = (
			);
			dependencies = (
			);
			name = NEWS;
			productName = NEWS;
			productReference = C83469181C9984E300084642 /* NEWS.app */;
			productType = "com.apple.product-type.application";
		};
		C83469301C9984E300084642 /* NEWSTests */ = {
			isa = PBXNativeTarget;
			buildConfigurationList = C83469481C9984E300084642 /* Build configuration list for PBXNativeTarget "NEWSTests" */;
			buildPhases = (
				C834692D1C9984E300084642 /* Sources */,
				C834692E1C9984E300084642 /* Frameworks */,
				C834692F1C9984E300084642 /* Resources */,
			);
			buildRules = (
			);
			dependencies = (
				C83469331C9984E300084642 /* PBXTargetDependency */,
			);
			name = NEWSTests;
			productName = NEWSTests;
			productReference = C83469311C9984E300084642 /* NEWSTests.xctest */;
			productType = "com.apple.product-type.bundle.unit-test";
		};
		C834693B1C9984E300084642 /* NEWSUITests */ = {
			isa = PBXNativeTarget;
			buildConfigurationList = C834694B1C9984E300084642 /* Build configuration list for PBXNativeTarget "NEWSUITests" */;
			buildPhases = (
				C83469381C9984E300084642 /* Sources */,
				C83469391C9984E300084642 /* Frameworks */,
				C834693A1C9984E300084642 /* Resources */,
			);
			buildRules = (
			);
			dependencies = (
				C834693E1C9984E300084642 /* PBXTargetDependency */,
			);
			name = NEWSUITests;
			productName = NEWSUITests;
			productReference = C834693C1C9984E300084642 /* NEWSUITests.xctest */;
			productType = "com.apple.product-type.bundle.ui-testing";
		};
/* End PBXNativeTarget section */

/* Begin PBXProject section */
		C83469101C9984E300084642 /* Project object */ = {
			isa = PBXProject;
			attributes = {
				CLASSPREFIX = KW;
				LastUpgradeCheck = 0710;
				ORGANIZATIONNAME = tarena;
				TargetAttributes = {
					C83469171C9984E300084642 = {
						CreatedOnToolsVersion = 7.1;
						DevelopmentTeam = 6GRC885B53;
					};
					C83469301C9984E300084642 = {
						CreatedOnToolsVersion = 7.1;
						DevelopmentTeam = 6GRC885B53;
						TestTargetID = C83469171C9984E300084642;
					};
					C834693B1C9984E300084642 = {
						CreatedOnToolsVersion = 7.1;
						DevelopmentTeam = 6GRC885B53;
						TestTargetID = C83469171C9984E300084642;
					};
				};
			};
			buildConfigurationList = C83469131C9984E300084642 /* Build configuration list for PBXProject "NEWS" */;
			compatibilityVersion = "Xcode 3.2";
			developmentRegion = English;
			hasScannedForEncodings = 0;
			knownRegions = (
				en,
				Base,
			);
			mainGroup = C834690F1C9984E300084642;
			productRefGroup = C83469191C9984E300084642 /* Products */;
			projectDirPath = "";
			projectRoot = "";
			targets = (
				C83469171C9984E300084642 /* NEWS */,
				C83469301C9984E300084642 /* NEWSTests */,
				C834693B1C9984E300084642 /* NEWSUITests */,
			);
		};
/* End PBXProject section */

/* Begin PBXResourcesBuildPhase section */
		C83469161C9984E300084642 /* Resources */ = {
			isa = PBXResourcesBuildPhase;
			buildActionMask = 2147483647;
			files = (
				C8541DB21CA9409E0071D171 /* Main.storyboard in Resources */,
				C8541DAD1CA9407B0071D171 /* Info.plist in Resources */,
				C8541DAC1CA9407B0071D171 /* Assets.xcassets in Resources */,
			);
			runOnlyForDeploymentPostprocessing = 0;
		};
		C834692F1C9984E300084642 /* Resources */ = {
			isa = PBXResourcesBuildPhase;
			buildActionMask = 2147483647;
			files = (
			);
			runOnlyForDeploymentPostprocessing = 0;
		};
		C834693A1C9984E300084642 /* Resources */ = {
			isa = PBXResourcesBuildPhase;
			buildActionMask = 2147483647;
			files = (
			);
			runOnlyForDeploymentPostprocessing = 0;
		};
/* End PBXResourcesBuildPhase section */

/* Begin PBXSourcesBuildPhase section */
		C83469141C9984E300084642 /* Sources */ = {
			isa = PBXSourcesBuildPhase;
			buildActionMask = 2147483647;
			files = (
				C83469201C9984E300084642 /* AppDelegate.m in Sources */,
				C80319411CA8FAC800D6D5F8 /* UIImage+WebP.m in Sources */,
				C8541DA21CA9405B0071D171 /* KWITTableViewController.m in Sources */,
				C803193E1CA8FAC800D6D5F8 /* UIButton+WebCache.m in Sources */,
				C8541DA11CA9405B0071D171 /* KWDiscoveryTableViewController.m in Sources */,
				C803193B1CA8FAC800D6D5F8 /* SDWebImageDownloaderOperation.m in Sources */,
				C8541DA41CA9405B0071D171 /* KWTabBarViewController.m in Sources */,
				C80319371CA8FAC800D6D5F8 /* SDImageCache.m in Sources */,
				C80319361CA8FAC800D6D5F8 /* NSData+ImageContentType.m in Sources */,
				C80318FC1CA8FA3600D6D5F8 /* KWNetworkManager.m in Sources */,
				C80319391CA8FAC800D6D5F8 /* SDWebImageDecoder.m in Sources */,
				C803194F1CA90FBA00D6D5F8 /* UIView+Extension.m in Sources */,
				C8541DA61CA9405B0071D171 /* WebNewsViewController.m in Sources */,
				C80319421CA8FAC800D6D5F8 /* UIImageView+HighlightedWebCache.m in Sources */,
				C803193A1CA8FAC800D6D5F8 /* SDWebImageDownloader.m in Sources */,
				C80319381CA8FAC800D6D5F8 /* SDWebImageCompat.m in Sources */,
				C80319011CA8FA4400D6D5F8 /* News.m in Sources */,
				C803193F1CA8FAC800D6D5F8 /* UIImage+GIF.m in Sources */,
				C80319401CA8FAC800D6D5F8 /* UIImage+MultiFormat.m in Sources */,
				C803193D1CA8FAC800D6D5F8 /* SDWebImagePrefetcher.m in Sources */,
				C8541DA31CA9405B0071D171 /* KWMeTableViewController.m in Sources */,
				C80319351CA8FAC800D6D5F8 /* MKAnnotationView+WebCache.m in Sources */,
				C80319431CA8FAC800D6D5F8 /* UIImageView+WebCache.m in Sources */,
				C80319441CA8FAC800D6D5F8 /* UIView+WebCacheOperation.m in Sources */,
				C8541DA51CA9405B0071D171 /* NEWSViewController.m in Sources */,
				C803193C1CA8FAC800D6D5F8 /* SDWebImageManager.m in Sources */,
				C8541DAE1CA9407B0071D171 /* main.m in Sources */,
				C80318FB1CA8FA3600D6D5F8 /* KWDataManager.m in Sources */,
			);
			runOnlyForDeploymentPostprocessing = 0;
		};
		C834692D1C9984E300084642 /* Sources */ = {
			isa = PBXSourcesBuildPhase;
			buildActionMask = 2147483647;
			files = (
				C83469361C9984E300084642 /* NEWSTests.m in Sources */,
			);
			runOnlyForDeploymentPostprocessing = 0;
		};
		C83469381C9984E300084642 /* Sources */ = {
			isa = PBXSourcesBuildPhase;
			buildActionMask = 2147483647;
			files = (
				C83469411C9984E300084642 /* NEWSUITests.m in Sources */,
			);
			runOnlyForDeploymentPostprocessing = 0;
		};
/* End PBXSourcesBuildPhase section */

/* Begin PBXTargetDependency section */
		C83469331C9984E300084642 /* PBXTargetDependency */ = {
			isa = PBXTargetDependency;
			target = C83469171C9984E300084642 /* NEWS */;
			targetProxy = C83469321C9984E300084642 /* PBXContainerItemProxy */;
		};
		C834693E1C9984E300084642 /* PBXTargetDependency */ = {
			isa = PBXTargetDependency;
			target = C83469171C9984E300084642 /* NEWS */;
			targetProxy = C834693D1C9984E300084642 /* PBXContainerItemProxy */;
		};
/* End PBXTargetDependency section */

/* Begin PBXVariantGroup section */
		C8541DB01CA9409E0071D171 /* Main.storyboard */ = {
			isa = PBXVariantGroup;
			children = (
				C8541DB11CA9409E0071D171 /* Base */,
			);
			name = Main.storyboard;
			sourceTree = "<group>";
		};
/* End PBXVariantGroup section */

/* Begin XCBuildConfiguration section */
		C83469431C9984E300084642 /* Debug */ = {
			isa = XCBuildConfiguration;
			buildSettings = {
				ALWAYS_SEARCH_USER_PATHS = NO;
				CLANG_CXX_LANGUAGE_STANDARD = "gnu++0x";
				CLANG_CXX_LIBRARY = "libc++";
				CLANG_ENABLE_MODULES = YES;
				CLANG_ENABLE_OBJC_ARC = YES;
				CLANG_WARN_BOOL_CONVERSION = YES;
				CLANG_WARN_CONSTANT_CONVERSION = YES;
				CLANG_WARN_DIRECT_OBJC_ISA_USAGE = YES_ERROR;
				CLANG_WARN_EMPTY_BODY = YES;
				CLANG_WARN_ENUM_CONVERSION = YES;
				CLANG_WARN_INT_CONVERSION = YES;
				CLANG_WARN_OBJC_ROOT_CLASS = YES_ERROR;
				CLANG_WARN_UNREACHABLE_CODE = YES;
				CLANG_WARN__DUPLICATE_METHOD_MATCH = YES;
				"CODE_SIGN_IDENTITY[sdk=iphoneos*]" = "iPhone Developer";
				COPY_PHASE_STRIP = NO;
				DEBUG_INFORMATION_FORMAT = dwarf;
				ENABLE_STRICT_OBJC_MSGSEND = YES;
				ENABLE_TESTABILITY = YES;
				GCC_C_LANGUAGE_STANDARD = gnu99;
				GCC_DYNAMIC_NO_PIC = NO;
				GCC_NO_COMMON_BLOCKS = YES;
				GCC_OPTIMIZATION_LEVEL = 0;
				GCC_PREFIX_HEADER = "NEWS/Supporting Files/PrefixHeader.pch";
				GCC_PREPROCESSOR_DEFINITIONS = (
					"DEBUG=1",
					"$(inherited)",
				);
				GCC_WARN_64_TO_32_BIT_CONVERSION = YES;
				GCC_WARN_ABOUT_RETURN_TYPE = YES_ERROR;
				GCC_WARN_UNDECLARED_SELECTOR = YES;
				GCC_WARN_UNINITIALIZED_AUTOS = YES_AGGRESSIVE;
				GCC_WARN_UNUSED_FUNCTION = YES;
				GCC_WARN_UNUSED_VARIABLE = YES;
				IPHONEOS_DEPLOYMENT_TARGET = 9.1;
				MTL_ENABLE_DEBUG_INFO = YES;
				ONLY_ACTIVE_ARCH = YES;
				SDKROOT = iphoneos;
			};
			name = Debug;
		};
		C83469441C9984E300084642 /* Release */ = {
			isa = XCBuildConfiguration;
			buildSettings = {
				ALWAYS_SEARCH_USER_PATHS = NO;
				CLANG_CXX_LANGUAGE_STANDARD = "gnu++0x";
				CLANG_CXX_LIBRARY = "libc++";
				CLANG_ENABLE_MODULES = YES;
				CLANG_ENABLE_OBJC_ARC = YES;
				CLANG_WARN_BOOL_CONVERSION = YES;
				CLANG_WARN_CONSTANT_CONVERSION = YES;
				CLANG_WARN_DIRECT_OBJC_ISA_USAGE = YES_ERROR;
				CLANG_WARN_EMPTY_BODY = YES;
				CLANG_WARN_ENUM_CONVERSION = YES;
				CLANG_WARN_INT_CONVERSION = YES;
				CLANG_WARN_OBJC_ROOT_CLASS = YES_ERROR;
				CLANG_WARN_UNREACHABLE_CODE = YES;
				CLANG_WARN__DUPLICATE_METHOD_MATCH = YES;
				"CODE_SIGN_IDENTITY[sdk=iphoneos*]" = "iPhone Developer";
				COPY_PHASE_STRIP = NO;
				DEBUG_INFORMATION_FORMAT = "dwarf-with-dsym";
				ENABLE_NS_ASSERTIONS = NO;
				ENABLE_STRICT_OBJC_MSGSEND = YES;
				GCC_C_LANGUAGE_STANDARD = gnu99;
				GCC_NO_COMMON_BLOCKS = YES;
				GCC_PREFIX_HEADER = "NEWS/Supporting Files/PrefixHeader.pch";
				GCC_WARN_64_TO_32_BIT_CONVERSION = YES;
				GCC_WARN_ABOUT_RETURN_TYPE = YES_ERROR;
				GCC_WARN_UNDECLARED_SELECTOR = YES;
				GCC_WARN_UNINITIALIZED_AUTOS = YES_AGGRESSIVE;
				GCC_WARN_UNUSED_FUNCTION = YES;
				GCC_WARN_UNUSED_VARIABLE = YES;
				IPHONEOS_DEPLOYMENT_TARGET = 9.1;
				MTL_ENABLE_DEBUG_INFO = NO;
				SDKROOT = iphoneos;
				VALIDATE_PRODUCT = YES;
			};
			name = Release;
		};
		C83469461C9984E300084642 /* Debug */ = {
			isa = XCBuildConfiguration;
			buildSettings = {
				ASSETCATALOG_COMPILER_APPICON_NAME = AppIcon;
				ASSETCATALOG_COMPILER_LAUNCHIMAGE_NAME = "Brand Assets";
				GCC_PREFIX_HEADER = "NEWS/Supporting Files/PrefixHeader.pch";
				INFOPLIST_FILE = "$(SRCROOT)/NEWS/Supporting Files/Info.plist";
				IPHONEOS_DEPLOYMENT_TARGET = 7.0;
				LD_RUNPATH_SEARCH_PATHS = "$(inherited) @executable_path/Frameworks";
				PRODUCT_BUNDLE_IDENTIFIER = Kerwin.NEWS;
				PRODUCT_NAME = "$(TARGET_NAME)";
			};
			name = Debug;
		};
		C83469471C9984E300084642 /* Release */ = {
			isa = XCBuildConfiguration;
			buildSettings = {
				ASSETCATALOG_COMPILER_APPICON_NAME = AppIcon;
				ASSETCATALOG_COMPILER_LAUNCHIMAGE_NAME = "Brand Assets";
				GCC_PREFIX_HEADER = "NEWS/Supporting Files/PrefixHeader.pch";
				INFOPLIST_FILE = "$(SRCROOT)/NEWS/Supporting Files/Info.plist";
				IPHONEOS_DEPLOYMENT_TARGET = 7.0;
				LD_RUNPATH_SEARCH_PATHS = "$(inherited) @executable_path/Frameworks";
				PRODUCT_BUNDLE_IDENTIFIER = Kerwin.NEWS;
				PRODUCT_NAME = "$(TARGET_NAME)";
			};
			name = Release;
		};
		C83469491C9984E300084642 /* Debug */ = {
			isa = XCBuildConfiguration;
			buildSettings = {
				BUNDLE_LOADER = "$(TEST_HOST)";
				INFOPLIST_FILE = NEWSTests/Info.plist;
				LD_RUNPATH_SEARCH_PATHS = "$(inherited) @executable_path/Frameworks @loader_path/Frameworks";
				PRODUCT_BUNDLE_IDENTIFIER = cn.tarena.NEWSTests;
				PRODUCT_NAME = "$(TARGET_NAME)";
				TEST_HOST = "$(BUILT_PRODUCTS_DIR)/NEWS.app/NEWS";
			};
			name = Debug;
		};
		C834694A1C9984E300084642 /* Release */ = {
			isa = XCBuildConfiguration;
			buildSettings = {
				BUNDLE_LOADER = "$(TEST_HOST)";
				INFOPLIST_FILE = NEWSTests/Info.plist;
				LD_RUNPATH_SEARCH_PATHS = "$(inherited) @executable_path/Frameworks @loader_path/Frameworks";
				PRODUCT_BUNDLE_IDENTIFIER = cn.tarena.NEWSTests;
				PRODUCT_NAME = "$(TARGET_NAME)";
				TEST_HOST = "$(BUILT_PRODUCTS_DIR)/NEWS.app/NEWS";
			};
			name = Release;
		};
		C834694C1C9984E300084642 /* Debug */ = {
			isa = XCBuildConfiguration;
			buildSettings = {
				INFOPLIST_FILE = NEWSUITests/Info.plist;
				LD_RUNPATH_SEARCH_PATHS = "$(inherited) @executable_path/Frameworks @loader_path/Frameworks";
				PRODUCT_BUNDLE_IDENTIFIER = cn.tarena.NEWSUITests;
				PRODUCT_NAME = "$(TARGET_NAME)";
				TEST_TARGET_NAME = NEWS;
				USES_XCTRUNNER = YES;
			};
			name = Debug;
		};
		C834694D1C9984E300084642 /* Release */ = {
			isa = XCBuildConfiguration;
			buildSettings = {
				INFOPLIST_FILE = NEWSUITests/Info.plist;
				LD_RUNPATH_SEARCH_PATHS = "$(inherited) @executable_path/Frameworks @loader_path/Frameworks";
				PRODUCT_BUNDLE_IDENTIFIER = cn.tarena.NEWSUITests;
				PRODUCT_NAME = "$(TARGET_NAME)";
				TEST_TARGET_NAME = NEWS;
				USES_XCTRUNNER = YES;
			};
			name = Release;
		};
/* End XCBuildConfiguration section */

/* Begin XCConfigurationList section */
		C83469131C9984E300084642 /* Build configuration list for PBXProject "NEWS" */ = {
			isa = XCConfigurationList;
			buildConfigurations = (
				C83469431C9984E300084642 /* Debug */,
				C83469441C9984E300084642 /* Release */,
			);
			defaultConfigurationIsVisible = 0;
			defaultConfigurationName = Release;
		};
		C83469451C9984E300084642 /* Build configuration list for PBXNativeTarget "NEWS" */ = {
			isa = XCConfigurationList;
			buildConfigurations = (
				C83469461C9984E300084642 /* Debug */,
				C83469471C9984E300084642 /* Release */,
			);
			defaultConfigurationIsVisible = 0;
			defaultConfigurationName = Release;
		};
		C83469481C9984E300084642 /* Build configuration list for PBXNativeTarget "NEWSTests" */ = {
			isa = XCConfigurationList;
			buildConfigurations = (
				C83469491C9984E300084642 /* Debug */,
				C834694A1C9984E300084642 /* Release */,
			);
			defaultConfigurationIsVisible = 0;
			defaultConfigurationName = Release;
		};
		C834694B1C9984E300084642 /* Build configuration list for PBXNativeTarget "NEWSUITests" */ = {
			isa = XCConfigurationList;
			buildConfigurations = (
				C834694C1C9984E300084642 /* Debug */,
				C834694D1C9984E300084642 /* Release */,
			);
			defaultConfigurationIsVisible = 0;
			defaultConfigurationName = Release;
		};
/* End XCConfigurationList section */
	};
	rootObject = C83469101C9984E300084642 /* Project object */;
}
